// !$*UTF8*$!
{
	archiveVersion = 1;
	classes = {
	};
	objectVersion = 50;
	objects = {

/* Begin PBXBuildFile section */
		184629D723C446270004C5EE /* main.cpp in Sources */ = {isa = PBXBuildFile; fileRef = 184629D623C446270004C5EE /* main.cpp */; };
		18462A4823C458620004C5EE /* libopencv_core.4.2.0.dylib in Frameworks */ = {isa = PBXBuildFile; fileRef = 18462A4723C458620004C5EE /* libopencv_core.4.2.0.dylib */; };
		18462A4923C458620004C5EE /* libopencv_core.4.2.0.dylib in Embed Libraries */ = {isa = PBXBuildFile; fileRef = 18462A4723C458620004C5EE /* libopencv_core.4.2.0.dylib */; settings = {ATTRIBUTES = (CodeSignOnCopy, ); }; };
		18462A4C23C4587C0004C5EE /* libopencv_imgproc.4.2.0.dylib in Frameworks */ = {isa = PBXBuildFile; fileRef = 18462A4B23C4587C0004C5EE /* libopencv_imgproc.4.2.0.dylib */; };
		18462A4D23C4587C0004C5EE /* libopencv_imgproc.4.2.0.dylib in Embed Libraries */ = {isa = PBXBuildFile; fileRef = 18462A4B23C4587C0004C5EE /* libopencv_imgproc.4.2.0.dylib */; settings = {ATTRIBUTES = (CodeSignOnCopy, ); }; };
		18462A4F23C458890004C5EE /* libopencv_video.4.2.0.dylib in Frameworks */ = {isa = PBXBuildFile; fileRef = 18462A4E23C458890004C5EE /* libopencv_video.4.2.0.dylib */; };
		18462A5023C458890004C5EE /* libopencv_video.4.2.0.dylib in Embed Libraries */ = {isa = PBXBuildFile; fileRef = 18462A4E23C458890004C5EE /* libopencv_video.4.2.0.dylib */; settings = {ATTRIBUTES = (CodeSignOnCopy, ); }; };
		18462A5323C45EEB0004C5EE /* libopencv_imgcodecs.4.2.0.dylib in Frameworks */ = {isa = PBXBuildFile; fileRef = 18462A5223C45EEB0004C5EE /* libopencv_imgcodecs.4.2.0.dylib */; };
		18462A5423C45EEB0004C5EE /* libopencv_imgcodecs.4.2.0.dylib in Embed Libraries */ = {isa = PBXBuildFile; fileRef = 18462A5223C45EEB0004C5EE /* libopencv_imgcodecs.4.2.0.dylib */; settings = {ATTRIBUTES = (CodeSignOnCopy, ); }; };
		18462A5523C460DE0004C5EE /* libopencv_core.4.2.0.dylib in Frameworks */ = {isa = PBXBuildFile; fileRef = 18462A4723C458620004C5EE /* libopencv_core.4.2.0.dylib */; };
		18462A5623C460DE0004C5EE /* libopencv_core.4.2.0.dylib in Frameworks */ = {isa = PBXBuildFile; fileRef = 18462A4723C458620004C5EE /* libopencv_core.4.2.0.dylib */; };
		18462A5723C460DE0004C5EE /* libopencv_core.4.2.0.dylib in Frameworks */ = {isa = PBXBuildFile; fileRef = 18462A4723C458620004C5EE /* libopencv_core.4.2.0.dylib */; };
		18462A5823C460DE0004C5EE /* libopencv_imgcodecs.4.2.0.dylib in Frameworks */ = {isa = PBXBuildFile; fileRef = 18462A5223C45EEB0004C5EE /* libopencv_imgcodecs.4.2.0.dylib */; };
		18462A5923C460DE0004C5EE /* libopencv_imgcodecs.4.2.0.dylib in Frameworks */ = {isa = PBXBuildFile; fileRef = 18462A5223C45EEB0004C5EE /* libopencv_imgcodecs.4.2.0.dylib */; };
		18462A5A23C460DE0004C5EE /* libopencv_imgcodecs.4.2.0.dylib in Frameworks */ = {isa = PBXBuildFile; fileRef = 18462A5223C45EEB0004C5EE /* libopencv_imgcodecs.4.2.0.dylib */; };
		18462A5B23C460DE0004C5EE /* libopencv_imgproc.4.2.0.dylib in Frameworks */ = {isa = PBXBuildFile; fileRef = 18462A4B23C4587C0004C5EE /* libopencv_imgproc.4.2.0.dylib */; };
		18462A5C23C460DE0004C5EE /* libopencv_imgproc.4.2.0.dylib in Frameworks */ = {isa = PBXBuildFile; fileRef = 18462A4B23C4587C0004C5EE /* libopencv_imgproc.4.2.0.dylib */; };
		18462A5D23C460DE0004C5EE /* libopencv_imgproc.4.2.0.dylib in Frameworks */ = {isa = PBXBuildFile; fileRef = 18462A4B23C4587C0004C5EE /* libopencv_imgproc.4.2.0.dylib */; };
		18462A5E23C460DE0004C5EE /* libopencv_video.4.2.0.dylib in Frameworks */ = {isa = PBXBuildFile; fileRef = 18462A4E23C458890004C5EE /* libopencv_video.4.2.0.dylib */; };
		18462A5F23C460DE0004C5EE /* libopencv_video.4.2.0.dylib in Frameworks */ = {isa = PBXBuildFile; fileRef = 18462A4E23C458890004C5EE /* libopencv_video.4.2.0.dylib */; };
		18462A6023C460DE0004C5EE /* libopencv_video.4.2.0.dylib in Frameworks */ = {isa = PBXBuildFile; fileRef = 18462A4E23C458890004C5EE /* libopencv_video.4.2.0.dylib */; };
		18462A7023C460DE0004C5EE /* libopencv_calib3d.4.2.0.dylib in Frameworks */ = {isa = PBXBuildFile; fileRef = 18462A6323C460DE0004C5EE /* libopencv_calib3d.4.2.0.dylib */; };
		18462A7123C460DE0004C5EE /* libopencv_calib3d.4.2.0.dylib in Embed Libraries */ = {isa = PBXBuildFile; fileRef = 18462A6323C460DE0004C5EE /* libopencv_calib3d.4.2.0.dylib */; settings = {ATTRIBUTES = (CodeSignOnCopy, ); }; };
		18462A7223C460DE0004C5EE /* libopencv_flann.4.2.0.dylib in Frameworks */ = {isa = PBXBuildFile; fileRef = 18462A6423C460DE0004C5EE /* libopencv_flann.4.2.0.dylib */; };
		18462A7323C460DE0004C5EE /* libopencv_flann.4.2.0.dylib in Embed Libraries */ = {isa = PBXBuildFile; fileRef = 18462A6423C460DE0004C5EE /* libopencv_flann.4.2.0.dylib */; settings = {ATTRIBUTES = (CodeSignOnCopy, ); }; };
		18462A7623C460DE0004C5EE /* libopencv_highgui.4.2.0.dylib in Frameworks */ = {isa = PBXBuildFile; fileRef = 18462A6623C460DE0004C5EE /* libopencv_highgui.4.2.0.dylib */; };
		18462A7723C460DE0004C5EE /* libopencv_highgui.4.2.0.dylib in Embed Libraries */ = {isa = PBXBuildFile; fileRef = 18462A6623C460DE0004C5EE /* libopencv_highgui.4.2.0.dylib */; settings = {ATTRIBUTES = (CodeSignOnCopy, ); }; };
		18462A7A23C460DE0004C5EE /* libopencv_objdetect.4.2.0.dylib in Frameworks */ = {isa = PBXBuildFile; fileRef = 18462A6823C460DE0004C5EE /* libopencv_objdetect.4.2.0.dylib */; };
		18462A7B23C460DE0004C5EE /* libopencv_objdetect.4.2.0.dylib in Embed Libraries */ = {isa = PBXBuildFile; fileRef = 18462A6823C460DE0004C5EE /* libopencv_objdetect.4.2.0.dylib */; settings = {ATTRIBUTES = (CodeSignOnCopy, ); }; };
		18462A7C23C460DE0004C5EE /* libopencv_features2d.4.2.0.dylib in Frameworks */ = {isa = PBXBuildFile; fileRef = 18462A6923C460DE0004C5EE /* libopencv_features2d.4.2.0.dylib */; };
		18462A7D23C460DE0004C5EE /* libopencv_features2d.4.2.0.dylib in Embed Libraries */ = {isa = PBXBuildFile; fileRef = 18462A6923C460DE0004C5EE /* libopencv_features2d.4.2.0.dylib */; settings = {ATTRIBUTES = (CodeSignOnCopy, ); }; };
		18462A8023C460DE0004C5EE /* libopencv_photo.4.2.0.dylib in Frameworks */ = {isa = PBXBuildFile; fileRef = 18462A6B23C460DE0004C5EE /* libopencv_photo.4.2.0.dylib */; };
		18462A8123C460DE0004C5EE /* libopencv_photo.4.2.0.dylib in Embed Libraries */ = {isa = PBXBuildFile; fileRef = 18462A6B23C460DE0004C5EE /* libopencv_photo.4.2.0.dylib */; settings = {ATTRIBUTES = (CodeSignOnCopy, ); }; };
		18462A9823C4775D0004C5EE /* libopencv_videoio.4.2.0.dylib in Frameworks */ = {isa = PBXBuildFile; fileRef = 18462A6123C460DE0004C5EE /* libopencv_videoio.4.2.0.dylib */; };
		18462A9923C4775D0004C5EE /* libopencv_videoio.4.2.0.dylib in Embed Libraries */ = {isa = PBXBuildFile; fileRef = 18462A6123C460DE0004C5EE /* libopencv_videoio.4.2.0.dylib */; settings = {ATTRIBUTES = (CodeSignOnCopy, ); }; };
		1894F86823C59D9E000495B3 /* CamFetch.cpp in Sources */ = {isa = PBXBuildFile; fileRef = 1894F86623C59D9E000495B3 /* CamFetch.cpp */; };
		1894F86B23C59E83000495B3 /* App.cpp in Sources */ = {isa = PBXBuildFile; fileRef = 1894F86923C59E83000495B3 /* App.cpp */; };
		1894F86E23C5A2AE000495B3 /* Window.cpp in Sources */ = {isa = PBXBuildFile; fileRef = 1894F86C23C5A2AE000495B3 /* Window.cpp */; };
		1894F87023C5A2D0000495B3 /* libglfw.3.dylib in Frameworks */ = {isa = PBXBuildFile; fileRef = 1894F86F23C5A2D0000495B3 /* libglfw.3.dylib */; };
		1894F87123C5A2D0000495B3 /* libglfw.3.dylib in Embed Libraries */ = {isa = PBXBuildFile; fileRef = 1894F86F23C5A2D0000495B3 /* libglfw.3.dylib */; settings = {ATTRIBUTES = (CodeSignOnCopy, ); }; };
		1894F87423C5A5E1000495B3 /* Renderer.cpp in Sources */ = {isa = PBXBuildFile; fileRef = 1894F87223C5A5E1000495B3 /* Renderer.cpp */; };
		1894F87623C5A628000495B3 /* glad.c in Sources */ = {isa = PBXBuildFile; fileRef = 1894F87523C5A628000495B3 /* glad.c */; };
		1894F87E23C5A80B000495B3 /* StandardProgram.cpp in Sources */ = {isa = PBXBuildFile; fileRef = 1894F87C23C5A80B000495B3 /* StandardProgram.cpp */; };
		1894F88423C60968000495B3 /* CamRenderer.cpp in Sources */ = {isa = PBXBuildFile; fileRef = 1894F88223C60968000495B3 /* CamRenderer.cpp */; };
/* End PBXBuildFile section */

/* Begin PBXCopyFilesBuildPhase section */
		184629D123C446270004C5EE /* CopyFiles */ = {
			isa = PBXCopyFilesBuildPhase;
			buildActionMask = 2147483647;
			dstPath = /usr/share/man/man1/;
			dstSubfolderSpec = 0;
			files = (
			);
			runOnlyForDeploymentPostprocessing = 1;
		};
		18462A4A23C458620004C5EE /* Embed Libraries */ = {
			isa = PBXCopyFilesBuildPhase;
			buildActionMask = 2147483647;
			dstPath = "";
			dstSubfolderSpec = 10;
			files = (
				18462A8123C460DE0004C5EE /* libopencv_photo.4.2.0.dylib in Embed Libraries */,
				1894F87123C5A2D0000495B3 /* libglfw.3.dylib in Embed Libraries */,
				18462A7123C460DE0004C5EE /* libopencv_calib3d.4.2.0.dylib in Embed Libraries */,
				18462A5423C45EEB0004C5EE /* libopencv_imgcodecs.4.2.0.dylib in Embed Libraries */,
				18462A4923C458620004C5EE /* libopencv_core.4.2.0.dylib in Embed Libraries */,
				18462A7723C460DE0004C5EE /* libopencv_highgui.4.2.0.dylib in Embed Libraries */,
				18462A9923C4775D0004C5EE /* libopencv_videoio.4.2.0.dylib in Embed Libraries */,
				18462A7323C460DE0004C5EE /* libopencv_flann.4.2.0.dylib in Embed Libraries */,
				18462A4D23C4587C0004C5EE /* libopencv_imgproc.4.2.0.dylib in Embed Libraries */,
				18462A7B23C460DE0004C5EE /* libopencv_objdetect.4.2.0.dylib in Embed Libraries */,
				18462A5023C458890004C5EE /* libopencv_video.4.2.0.dylib in Embed Libraries */,
				18462A7D23C460DE0004C5EE /* libopencv_features2d.4.2.0.dylib in Embed Libraries */,
			);
			name = "Embed Libraries";
			runOnlyForDeploymentPostprocessing = 0;
		};
/* End PBXCopyFilesBuildPhase section */

/* Begin PBXFileReference section */
		184629D323C446270004C5EE /* IPFinal */ = {isa = PBXFileReference; explicitFileType = "compiled.mach-o.executable"; includeInIndex = 0; path = IPFinal; sourceTree = BUILT_PRODUCTS_DIR; };
		184629D623C446270004C5EE /* main.cpp */ = {isa = PBXFileReference; lastKnownFileType = sourcecode.cpp.cpp; path = main.cpp; sourceTree = "<group>"; };
		184629DE23C446A50004C5EE /* libopencv_video.4.2.0.dylib */ = {isa = PBXFileReference; lastKnownFileType = "compiled.mach-o.dylib"; name = libopencv_video.4.2.0.dylib; path = ../../../../usr/local/Cellar/opencv/4.2.0_1/lib/libopencv_video.4.2.0.dylib; sourceTree = "<group>"; };
		184629DF23C446A50004C5EE /* libopencv_shape.4.2.0.dylib */ = {isa = PBXFileReference; lastKnownFileType = "compiled.mach-o.dylib"; name = libopencv_shape.4.2.0.dylib; path = ../../../../usr/local/Cellar/opencv/4.2.0_1/lib/libopencv_shape.4.2.0.dylib; sourceTree = "<group>"; };
		184629E023C446A50004C5EE /* libopencv_fuzzy.4.2.0.dylib */ = {isa = PBXFileReference; lastKnownFileType = "compiled.mach-o.dylib"; name = libopencv_fuzzy.4.2.0.dylib; path = ../../../../usr/local/Cellar/opencv/4.2.0_1/lib/libopencv_fuzzy.4.2.0.dylib; sourceTree = "<group>"; };
		184629E123C446A50004C5EE /* libopencv_xphoto.4.2.0.dylib */ = {isa = PBXFileReference; lastKnownFileType = "compiled.mach-o.dylib"; name = libopencv_xphoto.4.2.0.dylib; path = ../../../../usr/local/Cellar/opencv/4.2.0_1/lib/libopencv_xphoto.4.2.0.dylib; sourceTree = "<group>"; };
		184629E223C446A50004C5EE /* libopencv_shape.a */ = {isa = PBXFileReference; lastKnownFileType = archive.ar; name = libopencv_shape.a; path = ../../../../usr/local/Cellar/opencv/4.2.0_1/lib/libopencv_shape.a; sourceTree = "<group>"; };
		184629E323C446A50004C5EE /* libopencv_photo.4.2.0.dylib */ = {isa = PBXFileReference; lastKnownFileType = "compiled.mach-o.dylib"; name = libopencv_photo.4.2.0.dylib; path = ../../../../usr/local/Cellar/opencv/4.2.0_1/lib/libopencv_photo.4.2.0.dylib; sourceTree = "<group>"; };
		184629E423C446A50004C5EE /* libopencv_surface_matching.a */ = {isa = PBXFileReference; lastKnownFileType = archive.ar; name = libopencv_surface_matching.a; path = ../../../../usr/local/Cellar/opencv/4.2.0_1/lib/libopencv_surface_matching.a; sourceTree = "<group>"; };
		184629E523C446A50004C5EE /* libopencv_line_descriptor.4.2.0.dylib */ = {isa = PBXFileReference; lastKnownFileType = "compiled.mach-o.dylib"; name = libopencv_line_descriptor.4.2.0.dylib; path = ../../../../usr/local/Cellar/opencv/4.2.0_1/lib/libopencv_line_descriptor.4.2.0.dylib; sourceTree = "<group>"; };
		184629E623C446A50004C5EE /* libopencv_phase_unwrapping.a */ = {isa = PBXFileReference; lastKnownFileType = archive.ar; name = libopencv_phase_unwrapping.a; path = ../../../../usr/local/Cellar/opencv/4.2.0_1/lib/libopencv_phase_unwrapping.a; sourceTree = "<group>"; };
		184629E723C446A50004C5EE /* libopencv_dnn_objdetect.4.2.0.dylib */ = {isa = PBXFileReference; lastKnownFileType = "compiled.mach-o.dylib"; name = libopencv_dnn_objdetect.4.2.0.dylib; path = ../../../../usr/local/Cellar/opencv/4.2.0_1/lib/libopencv_dnn_objdetect.4.2.0.dylib; sourceTree = "<group>"; };
		184629E823C446A50004C5EE /* libopencv_highgui.a */ = {isa = PBXFileReference; lastKnownFileType = archive.ar; name = libopencv_highgui.a; path = ../../../../usr/local/Cellar/opencv/4.2.0_1/lib/libopencv_highgui.a; sourceTree = "<group>"; };
		184629E923C446A50004C5EE /* libopencv_photo.a */ = {isa = PBXFileReference; lastKnownFileType = archive.ar; name = libopencv_photo.a; path = ../../../../usr/local/Cellar/opencv/4.2.0_1/lib/libopencv_photo.a; sourceTree = "<group>"; };
		184629EA23C446A50004C5EE /* libopencv_quality.a */ = {isa = PBXFileReference; lastKnownFileType = archive.ar; name = libopencv_quality.a; path = ../../../../usr/local/Cellar/opencv/4.2.0_1/lib/libopencv_quality.a; sourceTree = "<group>"; };
		184629EB23C446A50004C5EE /* libopencv_videostab.a */ = {isa = PBXFileReference; lastKnownFileType = archive.ar; name = libopencv_videostab.a; path = ../../../../usr/local/Cellar/opencv/4.2.0_1/lib/libopencv_videostab.a; sourceTree = "<group>"; };
		184629EC23C446A50004C5EE /* libopencv_imgproc.a */ = {isa = PBXFileReference; lastKnownFileType = archive.ar; name = libopencv_imgproc.a; path = ../../../../usr/local/Cellar/opencv/4.2.0_1/lib/libopencv_imgproc.a; sourceTree = "<group>"; };
		184629ED23C446A50004C5EE /* libopencv_phase_unwrapping.4.2.0.dylib */ = {isa = PBXFileReference; lastKnownFileType = "compiled.mach-o.dylib"; name = libopencv_phase_unwrapping.4.2.0.dylib; path = ../../../../usr/local/Cellar/opencv/4.2.0_1/lib/libopencv_phase_unwrapping.4.2.0.dylib; sourceTree = "<group>"; };
		184629EE23C446A50004C5EE /* libopencv_highgui.4.2.0.dylib */ = {isa = PBXFileReference; lastKnownFileType = "compiled.mach-o.dylib"; name = libopencv_highgui.4.2.0.dylib; path = ../../../../usr/local/Cellar/opencv/4.2.0_1/lib/libopencv_highgui.4.2.0.dylib; sourceTree = "<group>"; };
		184629EF23C446A50004C5EE /* libopencv_img_hash.a */ = {isa = PBXFileReference; lastKnownFileType = archive.ar; name = libopencv_img_hash.a; path = ../../../../usr/local/Cellar/opencv/4.2.0_1/lib/libopencv_img_hash.a; sourceTree = "<group>"; };
		184629F023C446A50004C5EE /* libopencv_optflow.a */ = {isa = PBXFileReference; lastKnownFileType = archive.ar; name = libopencv_optflow.a; path = ../../../../usr/local/Cellar/opencv/4.2.0_1/lib/libopencv_optflow.a; sourceTree = "<group>"; };
		184629F123C446A50004C5EE /* libopencv_video.a */ = {isa = PBXFileReference; lastKnownFileType = archive.ar; name = libopencv_video.a; path = ../../../../usr/local/Cellar/opencv/4.2.0_1/lib/libopencv_video.a; sourceTree = "<group>"; };
		184629F223C446A50004C5EE /* libopencv_dpm.4.2.0.dylib */ = {isa = PBXFileReference; lastKnownFileType = "compiled.mach-o.dylib"; name = libopencv_dpm.4.2.0.dylib; path = ../../../../usr/local/Cellar/opencv/4.2.0_1/lib/libopencv_dpm.4.2.0.dylib; sourceTree = "<group>"; };
		184629F323C446A50004C5EE /* libopencv_xfeatures2d.a */ = {isa = PBXFileReference; lastKnownFileType = archive.ar; name = libopencv_xfeatures2d.a; path = ../../../../usr/local/Cellar/opencv/4.2.0_1/lib/libopencv_xfeatures2d.a; sourceTree = "<group>"; };
		184629F423C446A50004C5EE /* libopencv_tracking.a */ = {isa = PBXFileReference; lastKnownFileType = archive.ar; name = libopencv_tracking.a; path = ../../../../usr/local/Cellar/opencv/4.2.0_1/lib/libopencv_tracking.a; sourceTree = "<group>"; };
		184629F523C446A50004C5EE /* libopencv_ximgproc.4.2.0.dylib */ = {isa = PBXFileReference; lastKnownFileType = "compiled.mach-o.dylib"; name = libopencv_ximgproc.4.2.0.dylib; path = ../../../../usr/local/Cellar/opencv/4.2.0_1/lib/libopencv_ximgproc.4.2.0.dylib; sourceTree = "<group>"; };
		184629F623C446A50004C5EE /* libopencv_freetype.a */ = {isa = PBXFileReference; lastKnownFileType = archive.ar; name = libopencv_freetype.a; path = ../../../../usr/local/Cellar/opencv/4.2.0_1/lib/libopencv_freetype.a; sourceTree = "<group>"; };
		184629F723C446A50004C5EE /* libopencv_gapi.a */ = {isa = PBXFileReference; lastKnownFileType = archive.ar; name = libopencv_gapi.a; path = ../../../../usr/local/Cellar/opencv/4.2.0_1/lib/libopencv_gapi.a; sourceTree = "<group>"; };
		184629F823C446A50004C5EE /* libopencv_stitching.a */ = {isa = PBXFileReference; lastKnownFileType = archive.ar; name = libopencv_stitching.a; path = ../../../../usr/local/Cellar/opencv/4.2.0_1/lib/libopencv_stitching.a; sourceTree = "<group>"; };
		184629F923C446A50004C5EE /* libopencv_text.a */ = {isa = PBXFileReference; lastKnownFileType = archive.ar; name = libopencv_text.a; path = ../../../../usr/local/Cellar/opencv/4.2.0_1/lib/libopencv_text.a; sourceTree = "<group>"; };
		184629FA23C446A50004C5EE /* libopencv_imgproc.4.2.0.dylib */ = {isa = PBXFileReference; lastKnownFileType = "compiled.mach-o.dylib"; name = libopencv_imgproc.4.2.0.dylib; path = ../../../../usr/local/Cellar/opencv/4.2.0_1/lib/libopencv_imgproc.4.2.0.dylib; sourceTree = "<group>"; };
		184629FB23C446A50004C5EE /* libopencv_gapi.4.2.0.dylib */ = {isa = PBXFileReference; lastKnownFileType = "compiled.mach-o.dylib"; name = libopencv_gapi.4.2.0.dylib; path = ../../../../usr/local/Cellar/opencv/4.2.0_1/lib/libopencv_gapi.4.2.0.dylib; sourceTree = "<group>"; };
		184629FC23C446A50004C5EE /* libopencv_calib3d.a */ = {isa = PBXFileReference; lastKnownFileType = archive.ar; name = libopencv_calib3d.a; path = ../../../../usr/local/Cellar/opencv/4.2.0_1/lib/libopencv_calib3d.a; sourceTree = "<group>"; };
		184629FD23C446A50004C5EE /* libopencv_plot.4.2.0.dylib */ = {isa = PBXFileReference; lastKnownFileType = "compiled.mach-o.dylib"; name = libopencv_plot.4.2.0.dylib; path = ../../../../usr/local/Cellar/opencv/4.2.0_1/lib/libopencv_plot.4.2.0.dylib; sourceTree = "<group>"; };
		184629FE23C446A50004C5EE /* libopencv_ml.4.2.0.dylib */ = {isa = PBXFileReference; lastKnownFileType = "compiled.mach-o.dylib"; name = libopencv_ml.4.2.0.dylib; path = ../../../../usr/local/Cellar/opencv/4.2.0_1/lib/libopencv_ml.4.2.0.dylib; sourceTree = "<group>"; };
		184629FF23C446A50004C5EE /* libopencv_rgbd.4.2.0.dylib */ = {isa = PBXFileReference; lastKnownFileType = "compiled.mach-o.dylib"; name = libopencv_rgbd.4.2.0.dylib; path = ../../../../usr/local/Cellar/opencv/4.2.0_1/lib/libopencv_rgbd.4.2.0.dylib; sourceTree = "<group>"; };
		18462A0023C446A50004C5EE /* libopencv_ximgproc.a */ = {isa = PBXFileReference; lastKnownFileType = archive.ar; name = libopencv_ximgproc.a; path = ../../../../usr/local/Cellar/opencv/4.2.0_1/lib/libopencv_ximgproc.a; sourceTree = "<group>"; };
		18462A0123C446A60004C5EE /* libopencv_objdetect.4.2.0.dylib */ = {isa = PBXFileReference; lastKnownFileType = "compiled.mach-o.dylib"; name = libopencv_objdetect.4.2.0.dylib; path = ../../../../usr/local/Cellar/opencv/4.2.0_1/lib/libopencv_objdetect.4.2.0.dylib; sourceTree = "<group>"; };
		18462A0223C446A60004C5EE /* libopencv_stitching.4.2.0.dylib */ = {isa = PBXFileReference; lastKnownFileType = "compiled.mach-o.dylib"; name = libopencv_stitching.4.2.0.dylib; path = ../../../../usr/local/Cellar/opencv/4.2.0_1/lib/libopencv_stitching.4.2.0.dylib; sourceTree = "<group>"; };
		18462A0323C446A60004C5EE /* libopencv_reg.a */ = {isa = PBXFileReference; lastKnownFileType = archive.ar; name = libopencv_reg.a; path = ../../../../usr/local/Cellar/opencv/4.2.0_1/lib/libopencv_reg.a; sourceTree = "<group>"; };
		18462A0423C446A60004C5EE /* libopencv_hfs.a */ = {isa = PBXFileReference; lastKnownFileType = archive.ar; name = libopencv_hfs.a; path = ../../../../usr/local/Cellar/opencv/4.2.0_1/lib/libopencv_hfs.a; sourceTree = "<group>"; };
		18462A0523C446A60004C5EE /* libopencv_core.4.2.0.dylib */ = {isa = PBXFileReference; lastKnownFileType = "compiled.mach-o.dylib"; name = libopencv_core.4.2.0.dylib; path = ../../../../usr/local/Cellar/opencv/4.2.0_1/lib/libopencv_core.4.2.0.dylib; sourceTree = "<group>"; };
		18462A0623C446A60004C5EE /* libopencv_xfeatures2d.4.2.0.dylib */ = {isa = PBXFileReference; lastKnownFileType = "compiled.mach-o.dylib"; name = libopencv_xfeatures2d.4.2.0.dylib; path = ../../../../usr/local/Cellar/opencv/4.2.0_1/lib/libopencv_xfeatures2d.4.2.0.dylib; sourceTree = "<group>"; };
		18462A0723C446A60004C5EE /* libopencv_line_descriptor.a */ = {isa = PBXFileReference; lastKnownFileType = archive.ar; name = libopencv_line_descriptor.a; path = ../../../../usr/local/Cellar/opencv/4.2.0_1/lib/libopencv_line_descriptor.a; sourceTree = "<group>"; };
		18462A0823C446A60004C5EE /* libopencv_img_hash.4.2.0.dylib */ = {isa = PBXFileReference; lastKnownFileType = "compiled.mach-o.dylib"; name = libopencv_img_hash.4.2.0.dylib; path = ../../../../usr/local/Cellar/opencv/4.2.0_1/lib/libopencv_img_hash.4.2.0.dylib; sourceTree = "<group>"; };
		18462A0923C446A60004C5EE /* libopencv_core.a */ = {isa = PBXFileReference; lastKnownFileType = archive.ar; name = libopencv_core.a; path = ../../../../usr/local/Cellar/opencv/4.2.0_1/lib/libopencv_core.a; sourceTree = "<group>"; };
		18462A0A23C446A60004C5EE /* libopencv_freetype.4.2.0.dylib */ = {isa = PBXFileReference; lastKnownFileType = "compiled.mach-o.dylib"; name = libopencv_freetype.4.2.0.dylib; path = ../../../../usr/local/Cellar/opencv/4.2.0_1/lib/libopencv_freetype.4.2.0.dylib; sourceTree = "<group>"; };
		18462A0B23C446A60004C5EE /* libopencv_reg.4.2.0.dylib */ = {isa = PBXFileReference; lastKnownFileType = "compiled.mach-o.dylib"; name = libopencv_reg.4.2.0.dylib; path = ../../../../usr/local/Cellar/opencv/4.2.0_1/lib/libopencv_reg.4.2.0.dylib; sourceTree = "<group>"; };
		18462A0C23C446A60004C5EE /* libopencv_optflow.4.2.0.dylib */ = {isa = PBXFileReference; lastKnownFileType = "compiled.mach-o.dylib"; name = libopencv_optflow.4.2.0.dylib; path = ../../../../usr/local/Cellar/opencv/4.2.0_1/lib/libopencv_optflow.4.2.0.dylib; sourceTree = "<group>"; };
		18462A0D23C446A60004C5EE /* libopencv_structured_light.4.2.0.dylib */ = {isa = PBXFileReference; lastKnownFileType = "compiled.mach-o.dylib"; name = libopencv_structured_light.4.2.0.dylib; path = ../../../../usr/local/Cellar/opencv/4.2.0_1/lib/libopencv_structured_light.4.2.0.dylib; sourceTree = "<group>"; };
		18462A0E23C446A60004C5EE /* libopencv_aruco.a */ = {isa = PBXFileReference; lastKnownFileType = archive.ar; name = libopencv_aruco.a; path = ../../../../usr/local/Cellar/opencv/4.2.0_1/lib/libopencv_aruco.a; sourceTree = "<group>"; };
		18462A0F23C446A60004C5EE /* libopencv_features2d.4.2.0.dylib */ = {isa = PBXFileReference; lastKnownFileType = "compiled.mach-o.dylib"; name = libopencv_features2d.4.2.0.dylib; path = ../../../../usr/local/Cellar/opencv/4.2.0_1/lib/libopencv_features2d.4.2.0.dylib; sourceTree = "<group>"; };
		18462A1023C446A60004C5EE /* libopencv_flann.a */ = {isa = PBXFileReference; lastKnownFileType = archive.ar; name = libopencv_flann.a; path = ../../../../usr/local/Cellar/opencv/4.2.0_1/lib/libopencv_flann.a; sourceTree = "<group>"; };
		18462A1123C446A60004C5EE /* libopencv_hfs.4.2.0.dylib */ = {isa = PBXFileReference; lastKnownFileType = "compiled.mach-o.dylib"; name = libopencv_hfs.4.2.0.dylib; path = ../../../../usr/local/Cellar/opencv/4.2.0_1/lib/libopencv_hfs.4.2.0.dylib; sourceTree = "<group>"; };
		18462A1223C446A60004C5EE /* libopencv_xobjdetect.4.2.0.dylib */ = {isa = PBXFileReference; lastKnownFileType = "compiled.mach-o.dylib"; name = libopencv_xobjdetect.4.2.0.dylib; path = ../../../../usr/local/Cellar/opencv/4.2.0_1/lib/libopencv_xobjdetect.4.2.0.dylib; sourceTree = "<group>"; };
		18462A1323C446A60004C5EE /* libsimple_pipeline.a */ = {isa = PBXFileReference; lastKnownFileType = archive.ar; name = libsimple_pipeline.a; path = ../../../../usr/local/Cellar/opencv/4.2.0_1/lib/libsimple_pipeline.a; sourceTree = "<group>"; };
		18462A1423C446A60004C5EE /* libopencv_ml.a */ = {isa = PBXFileReference; lastKnownFileType = archive.ar; name = libopencv_ml.a; path = ../../../../usr/local/Cellar/opencv/4.2.0_1/lib/libopencv_ml.a; sourceTree = "<group>"; };
		18462A1523C446A60004C5EE /* libopencv_rgbd.a */ = {isa = PBXFileReference; lastKnownFileType = archive.ar; name = libopencv_rgbd.a; path = ../../../../usr/local/Cellar/opencv/4.2.0_1/lib/libopencv_rgbd.a; sourceTree = "<group>"; };
		18462A1623C446A60004C5EE /* libopencv_face.4.2.0.dylib */ = {isa = PBXFileReference; lastKnownFileType = "compiled.mach-o.dylib"; name = libopencv_face.4.2.0.dylib; path = ../../../../usr/local/Cellar/opencv/4.2.0_1/lib/libopencv_face.4.2.0.dylib; sourceTree = "<group>"; };
		18462A1723C446A60004C5EE /* libopencv_dnn_objdetect.a */ = {isa = PBXFileReference; lastKnownFileType = archive.ar; name = libopencv_dnn_objdetect.a; path = ../../../../usr/local/Cellar/opencv/4.2.0_1/lib/libopencv_dnn_objdetect.a; sourceTree = "<group>"; };
		18462A1823C446A60004C5EE /* libopencv_tracking.4.2.0.dylib */ = {isa = PBXFileReference; lastKnownFileType = "compiled.mach-o.dylib"; name = libopencv_tracking.4.2.0.dylib; path = ../../../../usr/local/Cellar/opencv/4.2.0_1/lib/libopencv_tracking.4.2.0.dylib; sourceTree = "<group>"; };
		18462A1923C446A60004C5EE /* libopencv_dnn.a */ = {isa = PBXFileReference; lastKnownFileType = archive.ar; name = libopencv_dnn.a; path = ../../../../usr/local/Cellar/opencv/4.2.0_1/lib/libopencv_dnn.a; sourceTree = "<group>"; };
		18462A1A23C446A60004C5EE /* libopencv_surface_matching.4.2.0.dylib */ = {isa = PBXFileReference; lastKnownFileType = "compiled.mach-o.dylib"; name = libopencv_surface_matching.4.2.0.dylib; path = ../../../../usr/local/Cellar/opencv/4.2.0_1/lib/libopencv_surface_matching.4.2.0.dylib; sourceTree = "<group>"; };
		18462A1B23C446A60004C5EE /* libopencv_stereo.a */ = {isa = PBXFileReference; lastKnownFileType = archive.ar; name = libopencv_stereo.a; path = ../../../../usr/local/Cellar/opencv/4.2.0_1/lib/libopencv_stereo.a; sourceTree = "<group>"; };
		18462A1C23C446A60004C5EE /* libopencv_bgsegm.4.2.0.dylib */ = {isa = PBXFileReference; lastKnownFileType = "compiled.mach-o.dylib"; name = libopencv_bgsegm.4.2.0.dylib; path = ../../../../usr/local/Cellar/opencv/4.2.0_1/lib/libopencv_bgsegm.4.2.0.dylib; sourceTree = "<group>"; };
		18462A1D23C446A60004C5EE /* libopencv_aruco.4.2.0.dylib */ = {isa = PBXFileReference; lastKnownFileType = "compiled.mach-o.dylib"; name = libopencv_aruco.4.2.0.dylib; path = ../../../../usr/local/Cellar/opencv/4.2.0_1/lib/libopencv_aruco.4.2.0.dylib; sourceTree = "<group>"; };
		18462A1E23C446A60004C5EE /* libopencv_face.a */ = {isa = PBXFileReference; lastKnownFileType = archive.ar; name = libopencv_face.a; path = ../../../../usr/local/Cellar/opencv/4.2.0_1/lib/libopencv_face.a; sourceTree = "<group>"; };
		18462A1F23C446A60004C5EE /* libopencv_datasets.a */ = {isa = PBXFileReference; lastKnownFileType = archive.ar; name = libopencv_datasets.a; path = ../../../../usr/local/Cellar/opencv/4.2.0_1/lib/libopencv_datasets.a; sourceTree = "<group>"; };
		18462A2023C446A60004C5EE /* libopencv_objdetect.a */ = {isa = PBXFileReference; lastKnownFileType = archive.ar; name = libopencv_objdetect.a; path = ../../../../usr/local/Cellar/opencv/4.2.0_1/lib/libopencv_objdetect.a; sourceTree = "<group>"; };
		18462A2123C446A60004C5EE /* libopencv_plot.a */ = {isa = PBXFileReference; lastKnownFileType = archive.ar; name = libopencv_plot.a; path = ../../../../usr/local/Cellar/opencv/4.2.0_1/lib/libopencv_plot.a; sourceTree = "<group>"; };
		18462A2223C446A60004C5EE /* libopencv_xphoto.a */ = {isa = PBXFileReference; lastKnownFileType = archive.ar; name = libopencv_xphoto.a; path = ../../../../usr/local/Cellar/opencv/4.2.0_1/lib/libopencv_xphoto.a; sourceTree = "<group>"; };
		18462A2323C446A60004C5EE /* libopencv_videoio.a */ = {isa = PBXFileReference; lastKnownFileType = archive.ar; name = libopencv_videoio.a; path = ../../../../usr/local/Cellar/opencv/4.2.0_1/lib/libopencv_videoio.a; sourceTree = "<group>"; };
		18462A2423C446A60004C5EE /* libopencv_dnn_superres.a */ = {isa = PBXFileReference; lastKnownFileType = archive.ar; name = libopencv_dnn_superres.a; path = ../../../../usr/local/Cellar/opencv/4.2.0_1/lib/libopencv_dnn_superres.a; sourceTree = "<group>"; };
		18462A2523C446A60004C5EE /* libopencv_ccalib.4.2.0.dylib */ = {isa = PBXFileReference; lastKnownFileType = "compiled.mach-o.dylib"; name = libopencv_ccalib.4.2.0.dylib; path = ../../../../usr/local/Cellar/opencv/4.2.0_1/lib/libopencv_ccalib.4.2.0.dylib; sourceTree = "<group>"; };
		18462A2623C446A60004C5EE /* libopencv_bgsegm.a */ = {isa = PBXFileReference; lastKnownFileType = archive.ar; name = libopencv_bgsegm.a; path = ../../../../usr/local/Cellar/opencv/4.2.0_1/lib/libopencv_bgsegm.a; sourceTree = "<group>"; };
		18462A2723C446A60004C5EE /* libopencv_saliency.a */ = {isa = PBXFileReference; lastKnownFileType = archive.ar; name = libopencv_saliency.a; path = ../../../../usr/local/Cellar/opencv/4.2.0_1/lib/libopencv_saliency.a; sourceTree = "<group>"; };
		18462A2823C446A60004C5EE /* libopencv_datasets.4.2.0.dylib */ = {isa = PBXFileReference; lastKnownFileType = "compiled.mach-o.dylib"; name = libopencv_datasets.4.2.0.dylib; path = ../../../../usr/local/Cellar/opencv/4.2.0_1/lib/libopencv_datasets.4.2.0.dylib; sourceTree = "<group>"; };
		18462A2923C446A60004C5EE /* libopencv_videoio.4.2.0.dylib */ = {isa = PBXFileReference; lastKnownFileType = "compiled.mach-o.dylib"; name = libopencv_videoio.4.2.0.dylib; path = ../../../../usr/local/Cellar/opencv/4.2.0_1/lib/libopencv_videoio.4.2.0.dylib; sourceTree = "<group>"; };
		18462A2A23C446A60004C5EE /* libopencv_features2d.a */ = {isa = PBXFileReference; lastKnownFileType = archive.ar; name = libopencv_features2d.a; path = ../../../../usr/local/Cellar/opencv/4.2.0_1/lib/libopencv_features2d.a; sourceTree = "<group>"; };
		18462A2B23C446A60004C5EE /* libopencv_sfm.a */ = {isa = PBXFileReference; lastKnownFileType = archive.ar; name = libopencv_sfm.a; path = ../../../../usr/local/Cellar/opencv/4.2.0_1/lib/libopencv_sfm.a; sourceTree = "<group>"; };
		18462A2C23C446A60004C5EE /* libopencv_bioinspired.4.2.0.dylib */ = {isa = PBXFileReference; lastKnownFileType = "compiled.mach-o.dylib"; name = libopencv_bioinspired.4.2.0.dylib; path = ../../../../usr/local/Cellar/opencv/4.2.0_1/lib/libopencv_bioinspired.4.2.0.dylib; sourceTree = "<group>"; };
		18462A2D23C446A60004C5EE /* libopencv_saliency.4.2.0.dylib */ = {isa = PBXFileReference; lastKnownFileType = "compiled.mach-o.dylib"; name = libopencv_saliency.4.2.0.dylib; path = ../../../../usr/local/Cellar/opencv/4.2.0_1/lib/libopencv_saliency.4.2.0.dylib; sourceTree = "<group>"; };
		18462A2E23C446A60004C5EE /* libopencv_ccalib.a */ = {isa = PBXFileReference; lastKnownFileType = archive.ar; name = libopencv_ccalib.a; path = ../../../../usr/local/Cellar/opencv/4.2.0_1/lib/libopencv_ccalib.a; sourceTree = "<group>"; };
		18462A2F23C446A60004C5EE /* libopencv_videostab.4.2.0.dylib */ = {isa = PBXFileReference; lastKnownFileType = "compiled.mach-o.dylib"; name = libopencv_videostab.4.2.0.dylib; path = ../../../../usr/local/Cellar/opencv/4.2.0_1/lib/libopencv_videostab.4.2.0.dylib; sourceTree = "<group>"; };
		18462A3023C446A60004C5EE /* libopencv_quality.4.2.0.dylib */ = {isa = PBXFileReference; lastKnownFileType = "compiled.mach-o.dylib"; name = libopencv_quality.4.2.0.dylib; path = ../../../../usr/local/Cellar/opencv/4.2.0_1/lib/libopencv_quality.4.2.0.dylib; sourceTree = "<group>"; };
		18462A3123C446A60004C5EE /* libquirc.a */ = {isa = PBXFileReference; lastKnownFileType = archive.ar; name = libquirc.a; path = ../../../../usr/local/Cellar/opencv/4.2.0_1/lib/libquirc.a; sourceTree = "<group>"; };
		18462A3223C446A60004C5EE /* libopencv_sfm.4.2.0.dylib */ = {isa = PBXFileReference; lastKnownFileType = "compiled.mach-o.dylib"; name = libopencv_sfm.4.2.0.dylib; path = ../../../../usr/local/Cellar/opencv/4.2.0_1/lib/libopencv_sfm.4.2.0.dylib; sourceTree = "<group>"; };
		18462A3323C446A60004C5EE /* libopencv_fuzzy.a */ = {isa = PBXFileReference; lastKnownFileType = archive.ar; name = libopencv_fuzzy.a; path = ../../../../usr/local/Cellar/opencv/4.2.0_1/lib/libopencv_fuzzy.a; sourceTree = "<group>"; };
		18462A3423C446A60004C5EE /* libopencv_flann.4.2.0.dylib */ = {isa = PBXFileReference; lastKnownFileType = "compiled.mach-o.dylib"; name = libopencv_flann.4.2.0.dylib; path = ../../../../usr/local/Cellar/opencv/4.2.0_1/lib/libopencv_flann.4.2.0.dylib; sourceTree = "<group>"; };
		18462A3523C446A60004C5EE /* libopencv_stereo.4.2.0.dylib */ = {isa = PBXFileReference; lastKnownFileType = "compiled.mach-o.dylib"; name = libopencv_stereo.4.2.0.dylib; path = ../../../../usr/local/Cellar/opencv/4.2.0_1/lib/libopencv_stereo.4.2.0.dylib; sourceTree = "<group>"; };
		18462A3623C446A60004C5EE /* libopencv_xobjdetect.a */ = {isa = PBXFileReference; lastKnownFileType = archive.ar; name = libopencv_xobjdetect.a; path = ../../../../usr/local/Cellar/opencv/4.2.0_1/lib/libopencv_xobjdetect.a; sourceTree = "<group>"; };
		18462A3723C446A60004C5EE /* libopencv_text.4.2.0.dylib */ = {isa = PBXFileReference; lastKnownFileType = "compiled.mach-o.dylib"; name = libopencv_text.4.2.0.dylib; path = ../../../../usr/local/Cellar/opencv/4.2.0_1/lib/libopencv_text.4.2.0.dylib; sourceTree = "<group>"; };
		18462A3823C446A60004C5EE /* libopencv_superres.4.2.0.dylib */ = {isa = PBXFileReference; lastKnownFileType = "compiled.mach-o.dylib"; name = libopencv_superres.4.2.0.dylib; path = ../../../../usr/local/Cellar/opencv/4.2.0_1/lib/libopencv_superres.4.2.0.dylib; sourceTree = "<group>"; };
		18462A3923C446A60004C5EE /* libopencv_dpm.a */ = {isa = PBXFileReference; lastKnownFileType = archive.ar; name = libopencv_dpm.a; path = ../../../../usr/local/Cellar/opencv/4.2.0_1/lib/libopencv_dpm.a; sourceTree = "<group>"; };
		18462A3A23C446A60004C5EE /* libopencv_dnn.4.2.0.dylib */ = {isa = PBXFileReference; lastKnownFileType = "compiled.mach-o.dylib"; name = libopencv_dnn.4.2.0.dylib; path = ../../../../usr/local/Cellar/opencv/4.2.0_1/lib/libopencv_dnn.4.2.0.dylib; sourceTree = "<group>"; };
		18462A3B23C446A60004C5EE /* libopencv_structured_light.a */ = {isa = PBXFileReference; lastKnownFileType = archive.ar; name = libopencv_structured_light.a; path = ../../../../usr/local/Cellar/opencv/4.2.0_1/lib/libopencv_structured_light.a; sourceTree = "<group>"; };
		18462A3C23C446A60004C5EE /* libopencv_imgcodecs.a */ = {isa = PBXFileReference; lastKnownFileType = archive.ar; name = libopencv_imgcodecs.a; path = ../../../../usr/local/Cellar/opencv/4.2.0_1/lib/libopencv_imgcodecs.a; sourceTree = "<group>"; };
		18462A3D23C446A60004C5EE /* libopencv_imgcodecs.4.2.0.dylib */ = {isa = PBXFileReference; lastKnownFileType = "compiled.mach-o.dylib"; name = libopencv_imgcodecs.4.2.0.dylib; path = ../../../../usr/local/Cellar/opencv/4.2.0_1/lib/libopencv_imgcodecs.4.2.0.dylib; sourceTree = "<group>"; };
		18462A3E23C446A60004C5EE /* libopencv_superres.a */ = {isa = PBXFileReference; lastKnownFileType = archive.ar; name = libopencv_superres.a; path = ../../../../usr/local/Cellar/opencv/4.2.0_1/lib/libopencv_superres.a; sourceTree = "<group>"; };
		18462A3F23C446A60004C5EE /* libopencv_calib3d.4.2.0.dylib */ = {isa = PBXFileReference; lastKnownFileType = "compiled.mach-o.dylib"; name = libopencv_calib3d.4.2.0.dylib; path = ../../../../usr/local/Cellar/opencv/4.2.0_1/lib/libopencv_calib3d.4.2.0.dylib; sourceTree = "<group>"; };
		18462A4023C446A60004C5EE /* libopencv_bioinspired.a */ = {isa = PBXFileReference; lastKnownFileType = archive.ar; name = libopencv_bioinspired.a; path = ../../../../usr/local/Cellar/opencv/4.2.0_1/lib/libopencv_bioinspired.a; sourceTree = "<group>"; };
		18462A4123C446A60004C5EE /* libopencv_dnn_superres.4.2.0.dylib */ = {isa = PBXFileReference; lastKnownFileType = "compiled.mach-o.dylib"; name = libopencv_dnn_superres.4.2.0.dylib; path = ../../../../usr/local/Cellar/opencv/4.2.0_1/lib/libopencv_dnn_superres.4.2.0.dylib; sourceTree = "<group>"; };
		18462A4723C458620004C5EE /* libopencv_core.4.2.0.dylib */ = {isa = PBXFileReference; lastKnownFileType = "compiled.mach-o.dylib"; name = libopencv_core.4.2.0.dylib; path = ../../../../usr/local/lib/libopencv_core.4.2.0.dylib; sourceTree = "<group>"; };
		18462A4B23C4587C0004C5EE /* libopencv_imgproc.4.2.0.dylib */ = {isa = PBXFileReference; lastKnownFileType = "compiled.mach-o.dylib"; name = libopencv_imgproc.4.2.0.dylib; path = ../../../../usr/local/lib/libopencv_imgproc.4.2.0.dylib; sourceTree = "<group>"; };
		18462A4E23C458890004C5EE /* libopencv_video.4.2.0.dylib */ = {isa = PBXFileReference; lastKnownFileType = "compiled.mach-o.dylib"; name = libopencv_video.4.2.0.dylib; path = ../../../../usr/local/lib/libopencv_video.4.2.0.dylib; sourceTree = "<group>"; };
		18462A5223C45EEB0004C5EE /* libopencv_imgcodecs.4.2.0.dylib */ = {isa = PBXFileReference; lastKnownFileType = "compiled.mach-o.dylib"; name = libopencv_imgcodecs.4.2.0.dylib; path = ../../../../usr/local/lib/libopencv_imgcodecs.4.2.0.dylib; sourceTree = "<group>"; };
		18462A6123C460DE0004C5EE /* libopencv_videoio.4.2.0.dylib */ = {isa = PBXFileReference; lastKnownFileType = "compiled.mach-o.dylib"; name = libopencv_videoio.4.2.0.dylib; path = ../../../../usr/local/lib/libopencv_videoio.4.2.0.dylib; sourceTree = "<group>"; };
		18462A6223C460DE0004C5EE /* libopencv_stitching.4.2.0.dylib */ = {isa = PBXFileReference; lastKnownFileType = "compiled.mach-o.dylib"; name = libopencv_stitching.4.2.0.dylib; path = ../../../../usr/local/lib/libopencv_stitching.4.2.0.dylib; sourceTree = "<group>"; };
		18462A6323C460DE0004C5EE /* libopencv_calib3d.4.2.0.dylib */ = {isa = PBXFileReference; lastKnownFileType = "compiled.mach-o.dylib"; name = libopencv_calib3d.4.2.0.dylib; path = ../../../../usr/local/lib/libopencv_calib3d.4.2.0.dylib; sourceTree = "<group>"; };
		18462A6423C460DE0004C5EE /* libopencv_flann.4.2.0.dylib */ = {isa = PBXFileReference; lastKnownFileType = "compiled.mach-o.dylib"; name = libopencv_flann.4.2.0.dylib; path = ../../../../usr/local/lib/libopencv_flann.4.2.0.dylib; sourceTree = "<group>"; };
		18462A6523C460DE0004C5EE /* libopencv_gapi.4.2.0.dylib */ = {isa = PBXFileReference; lastKnownFileType = "compiled.mach-o.dylib"; name = libopencv_gapi.4.2.0.dylib; path = ../../../../usr/local/lib/libopencv_gapi.4.2.0.dylib; sourceTree = "<group>"; };
		18462A6623C460DE0004C5EE /* libopencv_highgui.4.2.0.dylib */ = {isa = PBXFileReference; lastKnownFileType = "compiled.mach-o.dylib"; name = libopencv_highgui.4.2.0.dylib; path = ../../../../usr/local/lib/libopencv_highgui.4.2.0.dylib; sourceTree = "<group>"; };
		18462A6723C460DE0004C5EE /* libopencv_ml.4.2.0.dylib */ = {isa = PBXFileReference; lastKnownFileType = "compiled.mach-o.dylib"; name = libopencv_ml.4.2.0.dylib; path = ../../../../usr/local/lib/libopencv_ml.4.2.0.dylib; sourceTree = "<group>"; };
		18462A6823C460DE0004C5EE /* libopencv_objdetect.4.2.0.dylib */ = {isa = PBXFileReference; lastKnownFileType = "compiled.mach-o.dylib"; name = libopencv_objdetect.4.2.0.dylib; path = ../../../../usr/local/lib/libopencv_objdetect.4.2.0.dylib; sourceTree = "<group>"; };
		18462A6923C460DE0004C5EE /* libopencv_features2d.4.2.0.dylib */ = {isa = PBXFileReference; lastKnownFileType = "compiled.mach-o.dylib"; name = libopencv_features2d.4.2.0.dylib; path = ../../../../usr/local/lib/libopencv_features2d.4.2.0.dylib; sourceTree = "<group>"; };
		18462A6A23C460DE0004C5EE /* libopencv_dnn.4.2.0.dylib */ = {isa = PBXFileReference; lastKnownFileType = "compiled.mach-o.dylib"; name = libopencv_dnn.4.2.0.dylib; path = ../../../../usr/local/lib/libopencv_dnn.4.2.0.dylib; sourceTree = "<group>"; };
		18462A6B23C460DE0004C5EE /* libopencv_photo.4.2.0.dylib */ = {isa = PBXFileReference; lastKnownFileType = "compiled.mach-o.dylib"; name = libopencv_photo.4.2.0.dylib; path = ../../../../usr/local/lib/libopencv_photo.4.2.0.dylib; sourceTree = "<group>"; };
		18462A8223C463EC0004C5EE /* Assets */ = {isa = PBXFileReference; lastKnownFileType = folder; path = Assets; sourceTree = "<group>"; };
		1894F86423C5995C000495B3 /* Info.plist */ = {isa = PBXFileReference; lastKnownFileType = text.plist.xml; path = Info.plist; sourceTree = "<group>"; };
		1894F86523C59BF1000495B3 /* IPFinal.entitlements */ = {isa = PBXFileReference; lastKnownFileType = text.plist.entitlements; path = IPFinal.entitlements; sourceTree = "<group>"; };
		1894F86623C59D9E000495B3 /* CamFetch.cpp */ = {isa = PBXFileReference; lastKnownFileType = sourcecode.cpp.cpp; path = CamFetch.cpp; sourceTree = "<group>"; };
		1894F86723C59D9E000495B3 /* CamFetch.hpp */ = {isa = PBXFileReference; lastKnownFileType = sourcecode.cpp.h; path = CamFetch.hpp; sourceTree = "<group>"; };
		1894F86923C59E83000495B3 /* App.cpp */ = {isa = PBXFileReference; lastKnownFileType = sourcecode.cpp.cpp; path = App.cpp; sourceTree = "<group>"; };
		1894F86A23C59E83000495B3 /* App.hpp */ = {isa = PBXFileReference; lastKnownFileType = sourcecode.cpp.h; path = App.hpp; sourceTree = "<group>"; };
		1894F86C23C5A2AE000495B3 /* Window.cpp */ = {isa = PBXFileReference; lastKnownFileType = sourcecode.cpp.cpp; path = Window.cpp; sourceTree = "<group>"; };
		1894F86D23C5A2AE000495B3 /* Window.hpp */ = {isa = PBXFileReference; lastKnownFileType = sourcecode.cpp.h; path = Window.hpp; sourceTree = "<group>"; };
		1894F86F23C5A2D0000495B3 /* libglfw.3.dylib */ = {isa = PBXFileReference; lastKnownFileType = "compiled.mach-o.dylib"; name = libglfw.3.dylib; path = "../../Archive/glfw-3.3.bin.MACOS/lib-macos/libglfw.3.dylib"; sourceTree = "<group>"; };
		1894F87223C5A5E1000495B3 /* Renderer.cpp */ = {isa = PBXFileReference; lastKnownFileType = sourcecode.cpp.cpp; path = Renderer.cpp; sourceTree = "<group>"; };
		1894F87323C5A5E1000495B3 /* Renderer.hpp */ = {isa = PBXFileReference; lastKnownFileType = sourcecode.cpp.h; path = Renderer.hpp; sourceTree = "<group>"; };
		1894F87523C5A628000495B3 /* glad.c */ = {isa = PBXFileReference; fileEncoding = 4; lastKnownFileType = sourcecode.c.c; path = glad.c; sourceTree = "<group>"; };
		1894F87923C5A632000495B3 /* khrplatform.h */ = {isa = PBXFileReference; lastKnownFileType = sourcecode.c.h; path = khrplatform.h; sourceTree = "<group>"; };
		1894F87B23C5A632000495B3 /* glad.h */ = {isa = PBXFileReference; lastKnownFileType = sourcecode.c.h; path = glad.h; sourceTree = "<group>"; };
		1894F87C23C5A80B000495B3 /* StandardProgram.cpp */ = {isa = PBXFileReference; fileEncoding = 4; lastKnownFileType = sourcecode.cpp.cpp; path = StandardProgram.cpp; sourceTree = "<group>"; };
		1894F87D23C5A80B000495B3 /* StandardProgram.hpp */ = {isa = PBXFileReference; fileEncoding = 4; lastKnownFileType = sourcecode.cpp.h; path = StandardProgram.hpp; sourceTree = "<group>"; };
		1894F87F23C5A973000495B3 /* Macros.h */ = {isa = PBXFileReference; lastKnownFileType = sourcecode.c.h; path = Macros.h; sourceTree = "<group>"; };
		1894F88223C60968000495B3 /* CamRenderer.cpp */ = {isa = PBXFileReference; lastKnownFileType = sourcecode.cpp.cpp; path = CamRenderer.cpp; sourceTree = "<group>"; };
		1894F88323C60968000495B3 /* CamRenderer.hpp */ = {isa = PBXFileReference; lastKnownFileType = sourcecode.cpp.h; path = CamRenderer.hpp; sourceTree = "<group>"; };
/* End PBXFileReference section */

/* Begin PBXFrameworksBuildPhase section */
		184629D023C446270004C5EE /* Frameworks */ = {
			isa = PBXFrameworksBuildPhase;
			buildActionMask = 2147483647;
			files = (
				18462A5A23C460DE0004C5EE /* libopencv_imgcodecs.4.2.0.dylib in Frameworks */,
				1894F87023C5A2D0000495B3 /* libglfw.3.dylib in Frameworks */,
				18462A5823C460DE0004C5EE /* libopencv_imgcodecs.4.2.0.dylib in Frameworks */,
				18462A9823C4775D0004C5EE /* libopencv_videoio.4.2.0.dylib in Frameworks */,
				18462A5523C460DE0004C5EE /* libopencv_core.4.2.0.dylib in Frameworks */,
				18462A5323C45EEB0004C5EE /* libopencv_imgcodecs.4.2.0.dylib in Frameworks */,
				18462A5D23C460DE0004C5EE /* libopencv_imgproc.4.2.0.dylib in Frameworks */,
				18462A6023C460DE0004C5EE /* libopencv_video.4.2.0.dylib in Frameworks */,
				18462A5F23C460DE0004C5EE /* libopencv_video.4.2.0.dylib in Frameworks */,
				18462A5723C460DE0004C5EE /* libopencv_core.4.2.0.dylib in Frameworks */,
				18462A5C23C460DE0004C5EE /* libopencv_imgproc.4.2.0.dylib in Frameworks */,
				18462A7223C460DE0004C5EE /* libopencv_flann.4.2.0.dylib in Frameworks */,
				18462A4823C458620004C5EE /* libopencv_core.4.2.0.dylib in Frameworks */,
				18462A7623C460DE0004C5EE /* libopencv_highgui.4.2.0.dylib in Frameworks */,
				18462A5B23C460DE0004C5EE /* libopencv_imgproc.4.2.0.dylib in Frameworks */,
				18462A8023C460DE0004C5EE /* libopencv_photo.4.2.0.dylib in Frameworks */,
				18462A7C23C460DE0004C5EE /* libopencv_features2d.4.2.0.dylib in Frameworks */,
				18462A4C23C4587C0004C5EE /* libopencv_imgproc.4.2.0.dylib in Frameworks */,
				18462A5623C460DE0004C5EE /* libopencv_core.4.2.0.dylib in Frameworks */,
				18462A7023C460DE0004C5EE /* libopencv_calib3d.4.2.0.dylib in Frameworks */,
				18462A4F23C458890004C5EE /* libopencv_video.4.2.0.dylib in Frameworks */,
				18462A5923C460DE0004C5EE /* libopencv_imgcodecs.4.2.0.dylib in Frameworks */,
				18462A7A23C460DE0004C5EE /* libopencv_objdetect.4.2.0.dylib in Frameworks */,
				18462A5E23C460DE0004C5EE /* libopencv_video.4.2.0.dylib in Frameworks */,
			);
			runOnlyForDeploymentPostprocessing = 0;
		};
/* End PBXFrameworksBuildPhase section */

/* Begin PBXGroup section */
		184629CA23C446270004C5EE = {
			isa = PBXGroup;
			children = (
				1894F86423C5995C000495B3 /* Info.plist */,
				18462A8223C463EC0004C5EE /* Assets */,
				184629D523C446270004C5EE /* IPFinal */,
				184629D423C446270004C5EE /* Products */,
				184629DD23C446A50004C5EE /* Frameworks */,
			);
			sourceTree = "<group>";
		};
		184629D423C446270004C5EE /* Products */ = {
			isa = PBXGroup;
			children = (
				184629D323C446270004C5EE /* IPFinal */,
			);
			name = Products;
			sourceTree = "<group>";
		};
		184629D523C446270004C5EE /* IPFinal */ = {
			isa = PBXGroup;
			children = (
				1894F87C23C5A80B000495B3 /* StandardProgram.cpp */,
				1894F87D23C5A80B000495B3 /* StandardProgram.hpp */,
				1894F87723C5A632000495B3 /* glad */,
				1894F87523C5A628000495B3 /* glad.c */,
				1894F86523C59BF1000495B3 /* IPFinal.entitlements */,
				184629D623C446270004C5EE /* main.cpp */,
				1894F86623C59D9E000495B3 /* CamFetch.cpp */,
				1894F86723C59D9E000495B3 /* CamFetch.hpp */,
				1894F86923C59E83000495B3 /* App.cpp */,
				1894F86A23C59E83000495B3 /* App.hpp */,
				1894F86C23C5A2AE000495B3 /* Window.cpp */,
				1894F86D23C5A2AE000495B3 /* Window.hpp */,
				1894F87223C5A5E1000495B3 /* Renderer.cpp */,
				1894F87323C5A5E1000495B3 /* Renderer.hpp */,
				1894F87F23C5A973000495B3 /* Macros.h */,
				1894F88223C60968000495B3 /* CamRenderer.cpp */,
				1894F88323C60968000495B3 /* CamRenderer.hpp */,
			);
			path = IPFinal;
			sourceTree = "<group>";
		};
		184629DD23C446A50004C5EE /* Frameworks */ = {
			isa = PBXGroup;
			children = (
				1894F86F23C5A2D0000495B3 /* libglfw.3.dylib */,
				18462A6323C460DE0004C5EE /* libopencv_calib3d.4.2.0.dylib */,
				18462A6A23C460DE0004C5EE /* libopencv_dnn.4.2.0.dylib */,
				18462A6923C460DE0004C5EE /* libopencv_features2d.4.2.0.dylib */,
				18462A6423C460DE0004C5EE /* libopencv_flann.4.2.0.dylib */,
				18462A6523C460DE0004C5EE /* libopencv_gapi.4.2.0.dylib */,
				18462A6623C460DE0004C5EE /* libopencv_highgui.4.2.0.dylib */,
				18462A6723C460DE0004C5EE /* libopencv_ml.4.2.0.dylib */,
				18462A6823C460DE0004C5EE /* libopencv_objdetect.4.2.0.dylib */,
				18462A6B23C460DE0004C5EE /* libopencv_photo.4.2.0.dylib */,
				18462A6223C460DE0004C5EE /* libopencv_stitching.4.2.0.dylib */,
				18462A6123C460DE0004C5EE /* libopencv_videoio.4.2.0.dylib */,
				18462A5223C45EEB0004C5EE /* libopencv_imgcodecs.4.2.0.dylib */,
				18462A4E23C458890004C5EE /* libopencv_video.4.2.0.dylib */,
				18462A4B23C4587C0004C5EE /* libopencv_imgproc.4.2.0.dylib */,
				18462A4723C458620004C5EE /* libopencv_core.4.2.0.dylib */,
				18462A1D23C446A60004C5EE /* libopencv_aruco.4.2.0.dylib */,
				18462A0E23C446A60004C5EE /* libopencv_aruco.a */,
				18462A1C23C446A60004C5EE /* libopencv_bgsegm.4.2.0.dylib */,
				18462A2623C446A60004C5EE /* libopencv_bgsegm.a */,
				18462A2C23C446A60004C5EE /* libopencv_bioinspired.4.2.0.dylib */,
				18462A4023C446A60004C5EE /* libopencv_bioinspired.a */,
				18462A3F23C446A60004C5EE /* libopencv_calib3d.4.2.0.dylib */,
				184629FC23C446A50004C5EE /* libopencv_calib3d.a */,
				18462A2523C446A60004C5EE /* libopencv_ccalib.4.2.0.dylib */,
				18462A2E23C446A60004C5EE /* libopencv_ccalib.a */,
				18462A0523C446A60004C5EE /* libopencv_core.4.2.0.dylib */,
				18462A0923C446A60004C5EE /* libopencv_core.a */,
				18462A2823C446A60004C5EE /* libopencv_datasets.4.2.0.dylib */,
				18462A1F23C446A60004C5EE /* libopencv_datasets.a */,
				184629E723C446A50004C5EE /* libopencv_dnn_objdetect.4.2.0.dylib */,
				18462A1723C446A60004C5EE /* libopencv_dnn_objdetect.a */,
				18462A4123C446A60004C5EE /* libopencv_dnn_superres.4.2.0.dylib */,
				18462A2423C446A60004C5EE /* libopencv_dnn_superres.a */,
				18462A3A23C446A60004C5EE /* libopencv_dnn.4.2.0.dylib */,
				18462A1923C446A60004C5EE /* libopencv_dnn.a */,
				184629F223C446A50004C5EE /* libopencv_dpm.4.2.0.dylib */,
				18462A3923C446A60004C5EE /* libopencv_dpm.a */,
				18462A1623C446A60004C5EE /* libopencv_face.4.2.0.dylib */,
				18462A1E23C446A60004C5EE /* libopencv_face.a */,
				18462A0F23C446A60004C5EE /* libopencv_features2d.4.2.0.dylib */,
				18462A2A23C446A60004C5EE /* libopencv_features2d.a */,
				18462A3423C446A60004C5EE /* libopencv_flann.4.2.0.dylib */,
				18462A1023C446A60004C5EE /* libopencv_flann.a */,
				18462A0A23C446A60004C5EE /* libopencv_freetype.4.2.0.dylib */,
				184629F623C446A50004C5EE /* libopencv_freetype.a */,
				184629E023C446A50004C5EE /* libopencv_fuzzy.4.2.0.dylib */,
				18462A3323C446A60004C5EE /* libopencv_fuzzy.a */,
				184629FB23C446A50004C5EE /* libopencv_gapi.4.2.0.dylib */,
				184629F723C446A50004C5EE /* libopencv_gapi.a */,
				18462A1123C446A60004C5EE /* libopencv_hfs.4.2.0.dylib */,
				18462A0423C446A60004C5EE /* libopencv_hfs.a */,
				184629EE23C446A50004C5EE /* libopencv_highgui.4.2.0.dylib */,
				184629E823C446A50004C5EE /* libopencv_highgui.a */,
				18462A0823C446A60004C5EE /* libopencv_img_hash.4.2.0.dylib */,
				184629EF23C446A50004C5EE /* libopencv_img_hash.a */,
				18462A3D23C446A60004C5EE /* libopencv_imgcodecs.4.2.0.dylib */,
				18462A3C23C446A60004C5EE /* libopencv_imgcodecs.a */,
				184629FA23C446A50004C5EE /* libopencv_imgproc.4.2.0.dylib */,
				184629EC23C446A50004C5EE /* libopencv_imgproc.a */,
				184629E523C446A50004C5EE /* libopencv_line_descriptor.4.2.0.dylib */,
				18462A0723C446A60004C5EE /* libopencv_line_descriptor.a */,
				184629FE23C446A50004C5EE /* libopencv_ml.4.2.0.dylib */,
				18462A1423C446A60004C5EE /* libopencv_ml.a */,
				18462A0123C446A60004C5EE /* libopencv_objdetect.4.2.0.dylib */,
				18462A2023C446A60004C5EE /* libopencv_objdetect.a */,
				18462A0C23C446A60004C5EE /* libopencv_optflow.4.2.0.dylib */,
				184629F023C446A50004C5EE /* libopencv_optflow.a */,
				184629ED23C446A50004C5EE /* libopencv_phase_unwrapping.4.2.0.dylib */,
				184629E623C446A50004C5EE /* libopencv_phase_unwrapping.a */,
				184629E323C446A50004C5EE /* libopencv_photo.4.2.0.dylib */,
				184629E923C446A50004C5EE /* libopencv_photo.a */,
				184629FD23C446A50004C5EE /* libopencv_plot.4.2.0.dylib */,
				18462A2123C446A60004C5EE /* libopencv_plot.a */,
				18462A3023C446A60004C5EE /* libopencv_quality.4.2.0.dylib */,
				184629EA23C446A50004C5EE /* libopencv_quality.a */,
				18462A0B23C446A60004C5EE /* libopencv_reg.4.2.0.dylib */,
				18462A0323C446A60004C5EE /* libopencv_reg.a */,
				184629FF23C446A50004C5EE /* libopencv_rgbd.4.2.0.dylib */,
				18462A1523C446A60004C5EE /* libopencv_rgbd.a */,
				18462A2D23C446A60004C5EE /* libopencv_saliency.4.2.0.dylib */,
				18462A2723C446A60004C5EE /* libopencv_saliency.a */,
				18462A3223C446A60004C5EE /* libopencv_sfm.4.2.0.dylib */,
				18462A2B23C446A60004C5EE /* libopencv_sfm.a */,
				184629DF23C446A50004C5EE /* libopencv_shape.4.2.0.dylib */,
				184629E223C446A50004C5EE /* libopencv_shape.a */,
				18462A3523C446A60004C5EE /* libopencv_stereo.4.2.0.dylib */,
				18462A1B23C446A60004C5EE /* libopencv_stereo.a */,
				18462A0223C446A60004C5EE /* libopencv_stitching.4.2.0.dylib */,
				184629F823C446A50004C5EE /* libopencv_stitching.a */,
				18462A0D23C446A60004C5EE /* libopencv_structured_light.4.2.0.dylib */,
				18462A3B23C446A60004C5EE /* libopencv_structured_light.a */,
				18462A3823C446A60004C5EE /* libopencv_superres.4.2.0.dylib */,
				18462A3E23C446A60004C5EE /* libopencv_superres.a */,
				18462A1A23C446A60004C5EE /* libopencv_surface_matching.4.2.0.dylib */,
				184629E423C446A50004C5EE /* libopencv_surface_matching.a */,
				18462A3723C446A60004C5EE /* libopencv_text.4.2.0.dylib */,
				184629F923C446A50004C5EE /* libopencv_text.a */,
				18462A1823C446A60004C5EE /* libopencv_tracking.4.2.0.dylib */,
				184629F423C446A50004C5EE /* libopencv_tracking.a */,
				184629DE23C446A50004C5EE /* libopencv_video.4.2.0.dylib */,
				184629F123C446A50004C5EE /* libopencv_video.a */,
				18462A2923C446A60004C5EE /* libopencv_videoio.4.2.0.dylib */,
				18462A2323C446A60004C5EE /* libopencv_videoio.a */,
				18462A2F23C446A60004C5EE /* libopencv_videostab.4.2.0.dylib */,
				184629EB23C446A50004C5EE /* libopencv_videostab.a */,
				18462A0623C446A60004C5EE /* libopencv_xfeatures2d.4.2.0.dylib */,
				184629F323C446A50004C5EE /* libopencv_xfeatures2d.a */,
				184629F523C446A50004C5EE /* libopencv_ximgproc.4.2.0.dylib */,
				18462A0023C446A50004C5EE /* libopencv_ximgproc.a */,
				18462A1223C446A60004C5EE /* libopencv_xobjdetect.4.2.0.dylib */,
				18462A3623C446A60004C5EE /* libopencv_xobjdetect.a */,
				184629E123C446A50004C5EE /* libopencv_xphoto.4.2.0.dylib */,
				18462A2223C446A60004C5EE /* libopencv_xphoto.a */,
				18462A3123C446A60004C5EE /* libquirc.a */,
				18462A1323C446A60004C5EE /* libsimple_pipeline.a */,
			);
			name = Frameworks;
			sourceTree = "<group>";
		};
		1894F87723C5A632000495B3 /* glad */ = {
			isa = PBXGroup;
			children = (
				1894F87823C5A632000495B3 /* KHR */,
				1894F87A23C5A632000495B3 /* glad */,
			);
			path = glad;
			sourceTree = "<group>";
		};
		1894F87823C5A632000495B3 /* KHR */ = {
			isa = PBXGroup;
			children = (
				1894F87923C5A632000495B3 /* khrplatform.h */,
			);
			path = KHR;
			sourceTree = "<group>";
		};
		1894F87A23C5A632000495B3 /* glad */ = {
			isa = PBXGroup;
			children = (
				1894F87B23C5A632000495B3 /* glad.h */,
			);
			path = glad;
			sourceTree = "<group>";
		};
/* End PBXGroup section */

/* Begin PBXNativeTarget section */
		184629D223C446270004C5EE /* IPFinal */ = {
			isa = PBXNativeTarget;
			buildConfigurationList = 184629DA23C446270004C5EE /* Build configuration list for PBXNativeTarget "IPFinal" */;
			buildPhases = (
				184629CF23C446270004C5EE /* Sources */,
				184629D023C446270004C5EE /* Frameworks */,
				184629D123C446270004C5EE /* CopyFiles */,
				18462A4A23C458620004C5EE /* Embed Libraries */,
				18462A5123C45E4F0004C5EE /* ShellScript */,
			);
			buildRules = (
			);
			dependencies = (
			);
			name = IPFinal;
			productName = IPFinal;
			productReference = 184629D323C446270004C5EE /* IPFinal */;
			productType = "com.apple.product-type.tool";
		};
/* End PBXNativeTarget section */

/* Begin PBXProject section */
		184629CB23C446270004C5EE /* Project object */ = {
			isa = PBXProject;
			attributes = {
				LastUpgradeCheck = 1120;
				ORGANIZATIONNAME = aiofwa;
				TargetAttributes = {
					184629D223C446270004C5EE = {
						CreatedOnToolsVersion = 11.2;
					};
				};
			};
			buildConfigurationList = 184629CE23C446270004C5EE /* Build configuration list for PBXProject "IPFinal" */;
			compatibilityVersion = "Xcode 9.3";
			developmentRegion = en;
			hasScannedForEncodings = 0;
			knownRegions = (
				en,
				Base,
			);
			mainGroup = 184629CA23C446270004C5EE;
			productRefGroup = 184629D423C446270004C5EE /* Products */;
			projectDirPath = "";
			projectRoot = "";
			targets = (
				184629D223C446270004C5EE /* IPFinal */,
			);
		};
/* End PBXProject section */

/* Begin PBXShellScriptBuildPhase section */
		18462A5123C45E4F0004C5EE /* ShellScript */ = {
			isa = PBXShellScriptBuildPhase;
			buildActionMask = 2147483647;
			files = (
			);
			inputFileListPaths = (
			);
			inputPaths = (
			);
			outputFileListPaths = (
			);
			outputPaths = (
			);
			runOnlyForDeploymentPostprocessing = 0;
			shellPath = /bin/sh;
			shellScript = "cp -r ${SRCROOT}/Assets ${BUILT_PRODUCTS_DIR}\ncp -r ${SRCROOT}/Info.plist ${BUILT_PRODUCTS_DIR}\n";
		};
/* End PBXShellScriptBuildPhase section */

/* Begin PBXSourcesBuildPhase section */
		184629CF23C446270004C5EE /* Sources */ = {
			isa = PBXSourcesBuildPhase;
			buildActionMask = 2147483647;
			files = (
				1894F88423C60968000495B3 /* CamRenderer.cpp in Sources */,
				1894F86B23C59E83000495B3 /* App.cpp in Sources */,
				1894F87423C5A5E1000495B3 /* Renderer.cpp in Sources */,
				1894F87E23C5A80B000495B3 /* StandardProgram.cpp in Sources */,
				1894F86823C59D9E000495B3 /* CamFetch.cpp in Sources */,
				184629D723C446270004C5EE /* main.cpp in Sources */,
				1894F86E23C5A2AE000495B3 /* Window.cpp in Sources */,
				1894F87623C5A628000495B3 /* glad.c in Sources */,
			);
			runOnlyForDeploymentPostprocessing = 0;
		};
/* End PBXSourcesBuildPhase section */

/* Begin XCBuildConfiguration section */
		184629D823C446270004C5EE /* Debug */ = {
			isa = XCBuildConfiguration;
			buildSettings = {
				ALWAYS_SEARCH_USER_PATHS = NO;
				CLANG_ANALYZER_NONNULL = YES;
				CLANG_ANALYZER_NUMBER_OBJECT_CONVERSION = YES_AGGRESSIVE;
				CLANG_CXX_LANGUAGE_STANDARD = "gnu++14";
				CLANG_CXX_LIBRARY = "libc++";
				CLANG_ENABLE_MODULES = YES;
				CLANG_ENABLE_OBJC_ARC = YES;
				CLANG_ENABLE_OBJC_WEAK = YES;
				CLANG_WARN_BLOCK_CAPTURE_AUTORELEASING = YES;
				CLANG_WARN_BOOL_CONVERSION = YES;
				CLANG_WARN_COMMA = YES;
				CLANG_WARN_CONSTANT_CONVERSION = YES;
				CLANG_WARN_DEPRECATED_OBJC_IMPLEMENTATIONS = YES;
				CLANG_WARN_DIRECT_OBJC_ISA_USAGE = YES_ERROR;
				CLANG_WARN_DOCUMENTATION_COMMENTS = YES;
				CLANG_WARN_EMPTY_BODY = YES;
				CLANG_WARN_ENUM_CONVERSION = YES;
				CLANG_WARN_INFINITE_RECURSION = YES;
				CLANG_WARN_INT_CONVERSION = YES;
				CLANG_WARN_NON_LITERAL_NULL_CONVERSION = YES;
				CLANG_WARN_OBJC_IMPLICIT_RETAIN_SELF = YES;
				CLANG_WARN_OBJC_LITERAL_CONVERSION = YES;
				CLANG_WARN_OBJC_ROOT_CLASS = YES_ERROR;
				CLANG_WARN_RANGE_LOOP_ANALYSIS = YES;
				CLANG_WARN_STRICT_PROTOTYPES = YES;
				CLANG_WARN_SUSPICIOUS_MOVE = YES;
				CLANG_WARN_UNGUARDED_AVAILABILITY = YES_AGGRESSIVE;
				CLANG_WARN_UNREACHABLE_CODE = YES;
				CLANG_WARN__DUPLICATE_METHOD_MATCH = YES;
				COPY_PHASE_STRIP = NO;
				DEBUG_INFORMATION_FORMAT = dwarf;
				ENABLE_STRICT_OBJC_MSGSEND = YES;
				ENABLE_TESTABILITY = YES;
				GCC_C_LANGUAGE_STANDARD = gnu11;
				GCC_DYNAMIC_NO_PIC = NO;
				GCC_NO_COMMON_BLOCKS = YES;
				GCC_OPTIMIZATION_LEVEL = 0;
				GCC_PREPROCESSOR_DEFINITIONS = (
					"DEBUG=1",
					"$(inherited)",
				);
				GCC_WARN_64_TO_32_BIT_CONVERSION = YES;
				GCC_WARN_ABOUT_RETURN_TYPE = YES_ERROR;
				GCC_WARN_UNDECLARED_SELECTOR = YES;
				GCC_WARN_UNINITIALIZED_AUTOS = YES_AGGRESSIVE;
				GCC_WARN_UNUSED_FUNCTION = YES;
				GCC_WARN_UNUSED_VARIABLE = YES;
				MACOSX_DEPLOYMENT_TARGET = 10.15;
				MTL_ENABLE_DEBUG_INFO = INCLUDE_SOURCE;
				MTL_FAST_MATH = YES;
				ONLY_ACTIVE_ARCH = YES;
				SDKROOT = macosx;
			};
			name = Debug;
		};
		184629D923C446270004C5EE /* Release */ = {
			isa = XCBuildConfiguration;
			buildSettings = {
				ALWAYS_SEARCH_USER_PATHS = NO;
				CLANG_ANALYZER_NONNULL = YES;
				CLANG_ANALYZER_NUMBER_OBJECT_CONVERSION = YES_AGGRESSIVE;
				CLANG_CXX_LANGUAGE_STANDARD = "gnu++14";
				CLANG_CXX_LIBRARY = "libc++";
				CLANG_ENABLE_MODULES = YES;
				CLANG_ENABLE_OBJC_ARC = YES;
				CLANG_ENABLE_OBJC_WEAK = YES;
				CLANG_WARN_BLOCK_CAPTURE_AUTORELEASING = YES;
				CLANG_WARN_BOOL_CONVERSION = YES;
				CLANG_WARN_COMMA = YES;
				CLANG_WARN_CONSTANT_CONVERSION = YES;
				CLANG_WARN_DEPRECATED_OBJC_IMPLEMENTATIONS = YES;
				CLANG_WARN_DIRECT_OBJC_ISA_USAGE = YES_ERROR;
				CLANG_WARN_DOCUMENTATION_COMMENTS = YES;
				CLANG_WARN_EMPTY_BODY = YES;
				CLANG_WARN_ENUM_CONVERSION = YES;
				CLANG_WARN_INFINITE_RECURSION = YES;
				CLANG_WARN_INT_CONVERSION = YES;
				CLANG_WARN_NON_LITERAL_NULL_CONVERSION = YES;
				CLANG_WARN_OBJC_IMPLICIT_RETAIN_SELF = YES;
				CLANG_WARN_OBJC_LITERAL_CONVERSION = YES;
				CLANG_WARN_OBJC_ROOT_CLASS = YES_ERROR;
				CLANG_WARN_RANGE_LOOP_ANALYSIS = YES;
				CLANG_WARN_STRICT_PROTOTYPES = YES;
				CLANG_WARN_SUSPICIOUS_MOVE = YES;
				CLANG_WARN_UNGUARDED_AVAILABILITY = YES_AGGRESSIVE;
				CLANG_WARN_UNREACHABLE_CODE = YES;
				CLANG_WARN__DUPLICATE_METHOD_MATCH = YES;
				COPY_PHASE_STRIP = NO;
				DEBUG_INFORMATION_FORMAT = "dwarf-with-dsym";
				ENABLE_NS_ASSERTIONS = NO;
				ENABLE_STRICT_OBJC_MSGSEND = YES;
				GCC_C_LANGUAGE_STANDARD = gnu11;
				GCC_NO_COMMON_BLOCKS = YES;
				GCC_WARN_64_TO_32_BIT_CONVERSION = YES;
				GCC_WARN_ABOUT_RETURN_TYPE = YES_ERROR;
				GCC_WARN_UNDECLARED_SELECTOR = YES;
				GCC_WARN_UNINITIALIZED_AUTOS = YES_AGGRESSIVE;
				GCC_WARN_UNUSED_FUNCTION = YES;
				GCC_WARN_UNUSED_VARIABLE = YES;
				MACOSX_DEPLOYMENT_TARGET = 10.15;
				MTL_ENABLE_DEBUG_INFO = NO;
				MTL_FAST_MATH = YES;
				SDKROOT = macosx;
			};
			name = Release;
		};
		184629DB23C446270004C5EE /* Debug */ = {
			isa = XCBuildConfiguration;
			buildSettings = {
				CODE_SIGN_ENTITLEMENTS = IPFinal/IPFinal.entitlements;
				CODE_SIGN_STYLE = Automatic;
				CREATE_INFOPLIST_SECTION_IN_BINARY = YES;
				DEVELOPMENT_TEAM = KL2JALR869;
				ENABLE_HARDENED_RUNTIME = YES;
				HEADER_SEARCH_PATHS = (
					/usr/local/include/opencv4,
					"/Users/apple/Archive/glfw-3.3.bin.MACOS/include/",
					/usr/local/include,
				);
				INFOPLIST_FILE = Info.plist;
				LIBRARY_SEARCH_PATHS = (
					/usr/local/lib,
					"/Users/apple/Archive/glfw-3.3.bin.MACOS/lib-macos",
				);
				PRODUCT_NAME = "$(TARGET_NAME)";
			};
			name = Debug;
		};
		184629DC23C446270004C5EE /* Release */ = {
			isa = XCBuildConfiguration;
			buildSettings = {
				CODE_SIGN_ENTITLEMENTS = IPFinal/IPFinal.entitlements;
				CODE_SIGN_STYLE = Automatic;
				CREATE_INFOPLIST_SECTION_IN_BINARY = YES;
				DEVELOPMENT_TEAM = KL2JALR869;
				ENABLE_HARDENED_RUNTIME = YES;
				HEADER_SEARCH_PATHS = (
					/usr/local/include/opencv4,
					"/Users/apple/Archive/glfw-3.3.bin.MACOS/include/",
					/usr/local/include,
				);
				INFOPLIST_FILE = Info.plist;
				LIBRARY_SEARCH_PATHS = (
					/usr/local/lib,
					"/Users/apple/Archive/glfw-3.3.bin.MACOS/lib-macos",
				);
				PRODUCT_NAME = "$(TARGET_NAME)";
			};
			name = Release;
		};
/* End XCBuildConfiguration section */

/* Begin XCConfigurationList section */
		184629CE23C446270004C5EE /* Build configuration list for PBXProject "IPFinal" */ = {
			isa = XCConfigurationList;
			buildConfigurations = (
				184629D823C446270004C5EE /* Debug */,
				184629D923C446270004C5EE /* Release */,
			);
			defaultConfigurationIsVisible = 0;
			defaultConfigurationName = Release;
		};
		184629DA23C446270004C5EE /* Build configuration list for PBXNativeTarget "IPFinal" */ = {
			isa = XCConfigurationList;
			buildConfigurations = (
				184629DB23C446270004C5EE /* Debug */,
				184629DC23C446270004C5EE /* Release */,
			);
			defaultConfigurationIsVisible = 0;
			defaultConfigurationName = Release;
		};
/* End XCConfigurationList section */
	};
	rootObject = 184629CB23C446270004C5EE /* Project object */;
}
